
Microsoft Visual Studio Solution File, Format Version 12.00
# Visual Studio 15
VisualStudioVersion = 15.0.27130.2026
MinimumVisualStudioVersion = 10.0.40219.1
Project("{FAE04EC0-301F-11D3-BF4B-00C04F79EFBC}") = "Cibertec.Mvc", "Cibertec.Mvc\Cibertec.Mvc.csproj", "{6ABAF4CB-9419-401D-B68C-08F0B363D2A5}"
EndProject
Project("{FAE04EC0-301F-11D3-BF4B-00C04F79EFBC}") = "Cibertec.Models", "Cibertec.Models\Cibertec.Models.csproj", "{8D9C3C1A-F315-4B82-9BC1-65BDECF59E44}"
EndProject
Project("{FAE04EC0-301F-11D3-BF4B-00C04F79EFBC}") = "Cibertec.Repositories", "Cibertec.Repositories\Cibertec.Repositories.csproj", "{DDB0EDAA-00EB-49C2-B78E-D9868E8DE3C9}"
EndProject
Project("{FAE04EC0-301F-11D3-BF4B-00C04F79EFBC}") = "Cibertec.Repositories.Dapper", "Cibertec.Repositories.Dapper\Cibertec.Repositories.Dapper.csproj", "{BD3CA12E-260E-45D4-A22C-2325A3B8E656}"
EndProject
Project("{FAE04EC0-301F-11D3-BF4B-00C04F79EFBC}") = "Cibertec.UnitOfWork", "Cibertec.UnitOfWork\Cibertec.UnitOfWork.csproj", "{2FEE1008-D720-4FFE-A73F-FD238AFBA3C3}"
EndProject
Project("{FAE04EC0-301F-11D3-BF4B-00C04F79EFBC}") = "Cibertec.Tests", "Cibertec.Tests\Cibertec.Tests.csproj", "{C214B7AB-0FE2-4052-9978-912055350B29}"
EndProject
Project("{FAE04EC0-301F-11D3-BF4B-00C04F79EFBC}") = "Cibertec.WebApi", "Cibertec.WebApi\Cibertec.WebApi.csproj", "{DDBFE6A7-BC9E-4E89-B401-DCEA6BFD067A}"
EndProject
Global
	GlobalSection(SolutionConfigurationPlatforms) = preSolution
		Debug|Any CPU = Debug|Any CPU
		Release|Any CPU = Release|Any CPU
	EndGlobalSection
	GlobalSection(ProjectConfigurationPlatforms) = postSolution
		{6ABAF4CB-9419-401D-B68C-08F0B363D2A5}.Debug|Any CPU.ActiveCfg = Debug|Any CPU
		{6ABAF4CB-9419-401D-B68C-08F0B363D2A5}.Debug|Any CPU.Build.0 = Debug|Any CPU
		{6ABAF4CB-9419-401D-B68C-08F0B363D2A5}.Release|Any CPU.ActiveCfg = Release|Any CPU
		{6ABAF4CB-9419-401D-B68C-08F0B363D2A5}.Release|Any CPU.Build.0 = Release|Any CPU
		{8D9C3C1A-F315-4B82-9BC1-65BDECF59E44}.Debug|Any CPU.ActiveCfg = Debug|Any CPU
		{8D9C3C1A-F315-4B82-9BC1-65BDECF59E44}.Debug|Any CPU.Build.0 = Debug|Any CPU
		{8D9C3C1A-F315-4B82-9BC1-65BDECF59E44}.Release|Any CPU.ActiveCfg = Release|Any CPU
		{8D9C3C1A-F315-4B82-9BC1-65BDECF59E44}.Release|Any CPU.Build.0 = Release|Any CPU
		{DDB0EDAA-00EB-49C2-B78E-D9868E8DE3C9}.Debug|Any CPU.ActiveCfg = Debug|Any CPU
		{DDB0EDAA-00EB-49C2-B78E-D9868E8DE3C9}.Debug|Any CPU.Build.0 = Debug|Any CPU
		{DDB0EDAA-00EB-49C2-B78E-D9868E8DE3C9}.Release|Any CPU.ActiveCfg = Release|Any CPU
		{DDB0EDAA-00EB-49C2-B78E-D9868E8DE3C9}.Release|Any CPU.Build.0 = Release|Any CPU
		{BD3CA12E-260E-45D4-A22C-2325A3B8E656}.Debug|Any CPU.ActiveCfg = Debug|Any CPU
		{BD3CA12E-260E-45D4-A22C-2325A3B8E656}.Debug|Any CPU.Build.0 = Debug|Any CPU
		{BD3CA12E-260E-45D4-A22C-2325A3B8E656}.Release|Any CPU.ActiveCfg = Release|Any CPU
		{BD3CA12E-260E-45D4-A22C-2325A3B8E656}.Release|Any CPU.Build.0 = Release|Any CPU
		{2FEE1008-D720-4FFE-A73F-FD238AFBA3C3}.Debug|Any CPU.ActiveCfg = Debug|Any CPU
		{2FEE1008-D720-4FFE-A73F-FD238AFBA3C3}.Debug|Any CPU.Build.0 = Debug|Any CPU
		{2FEE1008-D720-4FFE-A73F-FD238AFBA3C3}.Release|Any CPU.ActiveCfg = Release|Any CPU
		{2FEE1008-D720-4FFE-A73F-FD238AFBA3C3}.Release|Any CPU.Build.0 = Release|Any CPU
		{C214B7AB-0FE2-4052-9978-912055350B29}.Debug|Any CPU.ActiveCfg = Debug|Any CPU
		{C214B7AB-0FE2-4052-9978-912055350B29}.Debug|Any CPU.Build.0 = Debug|Any CPU
		{C214B7AB-0FE2-4052-9978-912055350B29}.Release|Any CPU.ActiveCfg = Release|Any CPU
		{C214B7AB-0FE2-4052-9978-912055350B29}.Release|Any CPU.Build.0 = Release|Any CPU
		{DDBFE6A7-BC9E-4E89-B401-DCEA6BFD067A}.Debug|Any CPU.ActiveCfg = Debug|Any CPU
		{DDBFE6A7-BC9E-4E89-B401-DCEA6BFD067A}.Debug|Any CPU.Build.0 = Debug|Any CPU
		{DDBFE6A7-BC9E-4E89-B401-DCEA6BFD067A}.Release|Any CPU.ActiveCfg = Release|Any CPU
		{DDBFE6A7-BC9E-4E89-B401-DCEA6BFD067A}.Release|Any CPU.Build.0 = Release|Any CPU
	EndGlobalSection
	GlobalSection(SolutionProperties) = preSolution
		HideSolutionNode = FALSE
	EndGlobalSection
	GlobalSection(ExtensibilityGlobals) = postSolution
		SolutionGuid = {E97E64B2-2B6F-48B0-9623-153F6CE0252A}
	EndGlobalSection
EndGlobal
